
Microsoft Visual Studio Solution File, Format Version 12.00
# Visual Studio Version 16
VisualStudioVersion = 16.0.31005.135
MinimumVisualStudioVersion = 10.0.40219.1
Project("{FAE04EC0-301F-11D3-BF4B-00C04F79EFBC}") = "Lab-SQLEntity-Students", "Lab-SQLEntity-Students\Lab-SQLEntity-Students.csproj", "{CF844B56-BFAF-466C-9ACF-5F8BB4BC6615}"
EndProject
Global
	GlobalSection(SolutionConfigurationPlatforms) = preSolution
		Debug|Any CPU = Debug|Any CPU
		Release|Any CPU = Release|Any CPU
	EndGlobalSection
	GlobalSection(ProjectConfigurationPlatforms) = postSolution
		{CF844B56-BFAF-466C-9ACF-5F8BB4BC6615}.Debug|Any CPU.ActiveCfg = Debug|Any CPU
		{CF844B56-BFAF-466C-9ACF-5F8BB4BC6615}.Debug|Any CPU.Build.0 = Debug|Any CPU
		{CF844B56-BFAF-466C-9ACF-5F8BB4BC6615}.Release|Any CPU.ActiveCfg = Release|Any CPU
		{CF844B56-BFAF-466C-9ACF-5F8BB4BC6615}.Release|Any CPU.Build.0 = Release|Any CPU
	EndGlobalSection
	GlobalSection(SolutionProperties) = preSolution
		HideSolutionNode = FALSE
	EndGlobalSection
	GlobalSection(ExtensibilityGlobals) = postSolution
		SolutionGuid = {74DB00A9-ED8C-41B4-933D-F0B6FA726E1F}
	EndGlobalSection
EndGlobal
